{
  "version": 4,
  "terraform_version": "1.5.7",
  "serial": 20,
  "lineage": "fa23673f-89eb-cbbd-a178-f654c4c81c1f",
  "outputs": {},
  "resources": [
    {
      "mode": "managed",
      "type": "azurerm_app_service_source_control",
      "name": "sourcecontrol",
      "provider": "provider[\"registry.terraform.io/hashicorp/azurerm\"]",
      "instances": [
        {
          "schema_version": 0,
          "attributes": {
            "app_id": "/subscriptions/d1c5d677-d7c9-4e20-8d90-3090bf7c8aa2/resourceGroups/enhalogreen-staging/providers/Microsoft.Web/sites/enhalogreen-staging",
            "branch": "main",
            "github_action_configuration": [],
            "id": "/subscriptions/d1c5d677-d7c9-4e20-8d90-3090bf7c8aa2/resourceGroups/enhalogreen-staging/providers/Microsoft.Web/sites/enhalogreen-staging",
            "repo_url": "https://github.com/danielmullin/enhalogreen_az.git",
            "rollback_enabled": false,
            "scm_type": "ExternalGit",
            "timeouts": null,
            "use_local_git": false,
            "use_manual_integration": true,
            "use_mercurial": false,
            "uses_github_action": false
          },
          "sensitive_attributes": [],
          "private": "eyJlMmJmYjczMC1lY2FhLTExZTYtOGY4OC0zNDM2M2JjN2M0YzAiOnsiY3JlYXRlIjoxODAwMDAwMDAwMDAwLCJkZWxldGUiOjE4MDAwMDAwMDAwMDAsInJlYWQiOjMwMDAwMDAwMDAwMH19",
          "dependencies": [
            "azurerm_linux_web_app.webapp"
          ]
        }
      ]
    },
    {
      "mode": "managed",
      "type": "azurerm_linux_web_app",
      "name": "webapp",
      "provider": "provider[\"registry.terraform.io/hashicorp/azurerm\"]",
      "instances": [
        {
          "schema_version": 0,
          "attributes": {
            "app_settings": {},
            "auth_settings": [
              {
                "active_directory": [],
                "additional_login_parameters": {},
                "allowed_external_redirect_urls": [],
                "default_provider": "",
                "enabled": false,
                "facebook": [],
                "github": [],
                "google": [],
                "issuer": "",
                "microsoft": [],
                "runtime_version": "",
                "token_refresh_extension_hours": 0,
                "token_store_enabled": false,
                "twitter": [],
                "unauthenticated_client_action": ""
              }
            ],
            "backup": [],
            "client_affinity_enabled": false,
            "client_certificate_enabled": false,
            "client_certificate_mode": "Required",
            "connection_string": [],
            "custom_domain_verification_id": "5BA8A1269CCF8C8D2643621222A264E0FDE214A8785B595C1F18863F92A2151A",
            "default_hostname": "enhalogreen-staging.azurewebsites.net",
            "enabled": true,
            "https_only": true,
            "id": "/subscriptions/d1c5d677-d7c9-4e20-8d90-3090bf7c8aa2/resourceGroups/enhalogreen-staging/providers/Microsoft.Web/sites/enhalogreen-staging",
            "identity": [],
            "key_vault_reference_identity_id": "SystemAssigned",
            "kind": "app,linux",
            "location": "uksouth",
            "logs": [],
            "name": "enhalogreen-staging",
            "outbound_ip_address_list": [
              "51.11.18.78",
              "51.11.18.132",
              "51.11.18.150",
              "51.11.18.195",
              "51.11.18.222",
              "51.11.19.118",
              "20.90.134.27"
            ],
            "outbound_ip_addresses": "51.11.18.78,51.11.18.132,51.11.18.150,51.11.18.195,51.11.18.222,51.11.19.118,20.90.134.27",
            "possible_outbound_ip_address_list": [
              "51.11.18.78",
              "51.11.18.132",
              "51.11.18.150",
              "51.11.18.195",
              "51.11.18.222",
              "51.11.19.118",
              "51.11.19.133",
              "51.11.20.71",
              "51.11.20.127",
              "51.11.20.150",
              "51.11.20.199",
              "51.11.20.243",
              "51.11.21.97",
              "51.11.21.185",
              "51.11.21.229",
              "51.11.21.237",
              "51.11.22.36",
              "51.11.22.189",
              "51.11.22.227",
              "51.11.22.254",
              "51.11.23.164",
              "51.11.23.176",
              "51.11.23.254",
              "51.11.56.81",
              "20.90.134.27"
            ],
            "possible_outbound_ip_addresses": "51.11.18.78,51.11.18.132,51.11.18.150,51.11.18.195,51.11.18.222,51.11.19.118,51.11.19.133,51.11.20.71,51.11.20.127,51.11.20.150,51.11.20.199,51.11.20.243,51.11.21.97,51.11.21.185,51.11.21.229,51.11.21.237,51.11.22.36,51.11.22.189,51.11.22.227,51.11.22.254,51.11.23.164,51.11.23.176,51.11.23.254,51.11.56.81,20.90.134.27",
            "resource_group_name": "enhalogreen-staging",
            "service_plan_id": "/subscriptions/d1c5d677-d7c9-4e20-8d90-3090bf7c8aa2/resourceGroups/enhalogreen-staging/providers/Microsoft.Web/serverfarms/enhalogreen-asp-staging",
            "site_config": [
              {
                "always_on": true,
                "api_definition_url": "",
                "api_management_api_id": "",
                "app_command_line": "npm run start",
                "application_stack": [
                  {
                    "docker_image": "",
                    "docker_image_tag": "",
                    "dotnet_version": "",
                    "java_server": "",
                    "java_server_version": "",
                    "java_version": "",
                    "node_version": "16-lts",
                    "php_version": "",
                    "python_version": "",
                    "ruby_version": ""
                  }
                ],
                "auto_heal_enabled": false,
                "auto_heal_setting": [],
                "container_registry_managed_identity_client_id": "",
                "container_registry_use_managed_identity": false,
                "cors": [],
                "default_documents": [
                  "Default.htm",
                  "Default.html",
                  "Default.asp",
                  "index.htm",
                  "index.html",
                  "iisstart.htm",
                  "default.aspx",
                  "index.php",
                  "hostingstart.html"
                ],
                "detailed_error_logging_enabled": false,
                "ftps_state": "Disabled",
                "health_check_eviction_time_in_min": 0,
                "health_check_path": "",
                "http2_enabled": false,
                "ip_restriction": [],
                "linux_fx_version": "NODE|16-lts",
                "load_balancing_mode": "LeastRequests",
                "local_mysql_enabled": false,
                "managed_pipeline_mode": "Integrated",
                "minimum_tls_version": "1.2",
                "remote_debugging_enabled": false,
                "remote_debugging_version": "VS2019",
                "scm_ip_restriction": [],
                "scm_minimum_tls_version": "1.2",
                "scm_type": "ExternalGit",
                "scm_use_main_ip_restriction": false,
                "use_32_bit_worker": true,
                "vnet_route_all_enabled": false,
                "websockets_enabled": false,
                "worker_count": 1
              }
            ],
            "site_credential": [
              {
                "name": "$enhalogreen-staging",
                "password": "6NNuFzxbcPzWjeaWukdBz1bxa9QA6J5hMhcgbWG7xfBMYT64qxyrvDctX50p"
              }
            ],
            "storage_account": [],
            "tags": {},
            "timeouts": null
          },
          "sensitive_attributes": [],
          "private": "eyJlMmJmYjczMC1lY2FhLTExZTYtOGY4OC0zNDM2M2JjN2M0YzAiOnsiY3JlYXRlIjoxODAwMDAwMDAwMDAwLCJkZWxldGUiOjE4MDAwMDAwMDAwMDAsInJlYWQiOjMwMDAwMDAwMDAwMCwidXBkYXRlIjoxODAwMDAwMDAwMDAwfX0=",
          "dependencies": [
            "azurerm_resource_group.rg",
            "azurerm_service_plan.appserviceplan"
          ]
        }
      ]
    },
    {
      "mode": "managed",
      "type": "azurerm_resource_group",
      "name": "rg",
      "provider": "provider[\"registry.terraform.io/hashicorp/azurerm\"]",
      "instances": [
        {
          "schema_version": 0,
          "attributes": {
            "id": "/subscriptions/d1c5d677-d7c9-4e20-8d90-3090bf7c8aa2/resourceGroups/enhalogreen-staging",
            "location": "uksouth",
            "name": "enhalogreen-staging",
            "tags": {},
            "timeouts": null
          },
          "sensitive_attributes": [],
          "private": "eyJlMmJmYjczMC1lY2FhLTExZTYtOGY4OC0zNDM2M2JjN2M0YzAiOnsiY3JlYXRlIjo1NDAwMDAwMDAwMDAwLCJkZWxldGUiOjU0MDAwMDAwMDAwMDAsInJlYWQiOjMwMDAwMDAwMDAwMCwidXBkYXRlIjo1NDAwMDAwMDAwMDAwfX0="
        }
      ]
    },
    {
      "mode": "managed",
      "type": "azurerm_service_plan",
      "name": "appserviceplan",
      "provider": "provider[\"registry.terraform.io/hashicorp/azurerm\"]",
      "instances": [
        {
          "schema_version": 0,
          "attributes": {
            "app_service_environment_id": "",
            "id": "/subscriptions/d1c5d677-d7c9-4e20-8d90-3090bf7c8aa2/resourceGroups/enhalogreen-staging/providers/Microsoft.Web/serverfarms/enhalogreen-asp-staging",
            "kind": "linux",
            "location": "uksouth",
            "maximum_elastic_worker_count": 1,
            "name": "enhalogreen-asp-staging",
            "os_type": "Linux",
            "per_site_scaling_enabled": false,
            "reserved": true,
            "resource_group_name": "enhalogreen-staging",
            "sku_name": "B1",
            "tags": {},
            "timeouts": null,
            "worker_count": 1
          },
          "sensitive_attributes": [],
          "private": "eyJlMmJmYjczMC1lY2FhLTExZTYtOGY4OC0zNDM2M2JjN2M0YzAiOnsiY3JlYXRlIjozNjAwMDAwMDAwMDAwLCJkZWxldGUiOjM2MDAwMDAwMDAwMDAsInJlYWQiOjMwMDAwMDAwMDAwMCwidXBkYXRlIjozNjAwMDAwMDAwMDAwfX0=",
          "dependencies": [
            "azurerm_resource_group.rg"
          ]
        }
      ]
    }
  ],
  "check_results": null
}
